
Microsoft Visual Studio Solution File, Format Version 12.00
# Visual Studio Version 17
VisualStudioVersion = 17.14.37027.9
MinimumVisualStudioVersion = 10.0.40219.1
Project("{FAE04EC0-301F-11D3-BF4B-00C04F79EFBC}") = "4Life", "4Life.csproj", "{D4B8BBB6-1805-4D47-B585-A4FC0E923F3D}"
EndProject
Project("{FAE04EC0-301F-11D3-BF4B-00C04F79EFBC}") = "4Life.Tests", "..\4Life.Tests\4Life.Tests.csproj", "{E24359A0-806C-4D34-89B2-B2B04D04F943}"
EndProject
Global
	GlobalSection(SolutionConfigurationPlatforms) = preSolution
		Debug|Any CPU = Debug|Any CPU
		Release|Any CPU = Release|Any CPU
	EndGlobalSection
	GlobalSection(ProjectConfigurationPlatforms) = postSolution
		{D4B8BBB6-1805-4D47-B585-A4FC0E923F3D}.Debug|Any CPU.ActiveCfg = Debug|Any CPU
		{D4B8BBB6-1805-4D47-B585-A4FC0E923F3D}.Debug|Any CPU.Build.0 = Debug|Any CPU
		{D4B8BBB6-1805-4D47-B585-A4FC0E923F3D}.Debug|Any CPU.Deploy.0 = Debug|Any CPU
		{D4B8BBB6-1805-4D47-B585-A4FC0E923F3D}.Release|Any CPU.ActiveCfg = Release|Any CPU
		{D4B8BBB6-1805-4D47-B585-A4FC0E923F3D}.Release|Any CPU.Build.0 = Release|Any CPU
		{E24359A0-806C-4D34-89B2-B2B04D04F943}.Debug|Any CPU.ActiveCfg = Debug|Any CPU
		{E24359A0-806C-4D34-89B2-B2B04D04F943}.Debug|Any CPU.Build.0 = Debug|Any CPU
		{E24359A0-806C-4D34-89B2-B2B04D04F943}.Release|Any CPU.ActiveCfg = Release|Any CPU
		{E24359A0-806C-4D34-89B2-B2B04D04F943}.Release|Any CPU.Build.0 = Release|Any CPU
	EndGlobalSection
	GlobalSection(SolutionProperties) = preSolution
		HideSolutionNode = FALSE
	EndGlobalSection
	GlobalSection(ExtensibilityGlobals) = postSolution
		SolutionGuid = {6F4F9B53-8050-4C26-A9CA-AFAFBB466F10}
	EndGlobalSection
EndGlobal
